
Microsoft Visual Studio Solution File, Format Version 12.00
# Visual Studio Version 17
VisualStudioVersion = 17.11.35312.102
MinimumVisualStudioVersion = 10.0.40219.1
Project("{9A19103F-16F7-4668-BE54-9A1E7A4F7556}") = "PhoneBook", "PhoneBook\PhoneBook.csproj", "{5E0CA916-9FE3-4C17-85C7-C262AB19E75F}"
EndProject
Global
	GlobalSection(SolutionConfigurationPlatforms) = preSolution
		Debug|Any CPU = Debug|Any CPU
		Release|Any CPU = Release|Any CPU
	EndGlobalSection
	GlobalSection(ProjectConfigurationPlatforms) = postSolution
		{5E0CA916-9FE3-4C17-85C7-C262AB19E75F}.Debug|Any CPU.ActiveCfg = Debug|Any CPU
		{5E0CA916-9FE3-4C17-85C7-C262AB19E75F}.Debug|Any CPU.Build.0 = Debug|Any CPU
		{5E0CA916-9FE3-4C17-85C7-C262AB19E75F}.Release|Any CPU.ActiveCfg = Release|Any CPU
		{5E0CA916-9FE3-4C17-85C7-C262AB19E75F}.Release|Any CPU.Build.0 = Release|Any CPU
	EndGlobalSection
	GlobalSection(SolutionProperties) = preSolution
		HideSolutionNode = FALSE
	EndGlobalSection
	GlobalSection(ExtensibilityGlobals) = postSolution
		SolutionGuid = {BD14C5EA-B911-4250-999D-B3B2CCF033CB}
	EndGlobalSection
EndGlobal
